// !$*UTF8*$!
{
	archiveVersion = 1;
	classes = {
	};
	objectVersion = 50;
	objects = {

/* Begin PBXBuildFile section */
		C410C1C420940CA600AD0033 /* InteractiveAnimatorDelegate.swift in Sources */ = {isa = PBXBuildFile; fileRef = C410C1C320940CA600AD0033 /* InteractiveAnimatorDelegate.swift */; };
		C410C1C620940CD800AD0033 /* InteractiveAnimatorDelegate+Factory.swift in Sources */ = {isa = PBXBuildFile; fileRef = C410C1C520940CD800AD0033 /* InteractiveAnimatorDelegate+Factory.swift */; };
		C4E0E3E9208C30A40031BBB8 /* CommentViewController.swift in Sources */ = {isa = PBXBuildFile; fileRef = C4E0E3E8208C30A40031BBB8 /* CommentViewController.swift */; };
		C4EFBD652082EE7500A4D736 /* AppDelegate.swift in Sources */ = {isa = PBXBuildFile; fileRef = C4EFBD642082EE7500A4D736 /* AppDelegate.swift */; };
		C4EFBD672082EE7500A4D736 /* ViewController.swift in Sources */ = {isa = PBXBuildFile; fileRef = C4EFBD662082EE7500A4D736 /* ViewController.swift */; };
		C4EFBD6A2082EE7500A4D736 /* Main.storyboard in Resources */ = {isa = PBXBuildFile; fileRef = C4EFBD682082EE7500A4D736 /* Main.storyboard */; };
		C4EFBD6C2082EE7700A4D736 /* Assets.xcassets in Resources */ = {isa = PBXBuildFile; fileRef = C4EFBD6B2082EE7700A4D736 /* Assets.xcassets */; };
		C4EFBD6F2082EE7700A4D736 /* LaunchScreen.storyboard in Resources */ = {isa = PBXBuildFile; fileRef = C4EFBD6D2082EE7700A4D736 /* LaunchScreen.storyboard */; };
/* End PBXBuildFile section */

/* Begin PBXFileReference section */
		C410C1C320940CA600AD0033 /* InteractiveAnimatorDelegate.swift */ = {isa = PBXFileReference; lastKnownFileType = sourcecode.swift; path = InteractiveAnimatorDelegate.swift; sourceTree = "<group>"; };
		C410C1C520940CD800AD0033 /* InteractiveAnimatorDelegate+Factory.swift */ = {isa = PBXFileReference; lastKnownFileType = sourcecode.swift; path = "InteractiveAnimatorDelegate+Factory.swift"; sourceTree = "<group>"; };
		C4E0E3E8208C30A40031BBB8 /* CommentViewController.swift */ = {isa = PBXFileReference; lastKnownFileType = sourcecode.swift; path = CommentViewController.swift; sourceTree = "<group>"; };
		C4EFBD612082EE7500A4D736 /* AdvancedAnimation.app */ = {isa = PBXFileReference; explicitFileType = wrapper.application; includeInIndex = 0; path = AdvancedAnimation.app; sourceTree = BUILT_PRODUCTS_DIR; };
		C4EFBD642082EE7500A4D736 /* AppDelegate.swift */ = {isa = PBXFileReference; lastKnownFileType = sourcecode.swift; path = AppDelegate.swift; sourceTree = "<group>"; };
		C4EFBD662082EE7500A4D736 /* ViewController.swift */ = {isa = PBXFileReference; lastKnownFileType = sourcecode.swift; path = ViewController.swift; sourceTree = "<group>"; };
		C4EFBD692082EE7500A4D736 /* Base */ = {isa = PBXFileReference; lastKnownFileType = file.storyboard; name = Base; path = Base.lproj/Main.storyboard; sourceTree = "<group>"; };
		C4EFBD6B2082EE7700A4D736 /* Assets.xcassets */ = {isa = PBXFileReference; lastKnownFileType = folder.assetcatalog; path = Assets.xcassets; sourceTree = "<group>"; };
		C4EFBD6E2082EE7700A4D736 /* Base */ = {isa = PBXFileReference; lastKnownFileType = file.storyboard; name = Base; path = Base.lproj/LaunchScreen.storyboard; sourceTree = "<group>"; };
		C4EFBD702082EE7700A4D736 /* Info.plist */ = {isa = PBXFileReference; lastKnownFileType = text.plist.xml; path = Info.plist; sourceTree = "<group>"; };
/* End PBXFileReference section */

/* Begin PBXFrameworksBuildPhase section */
		C4EFBD5E2082EE7500A4D736 /* Frameworks */ = {
			isa = PBXFrameworksBuildPhase;
			buildActionMask = 2147483647;
			files = (
			);
			runOnlyForDeploymentPostprocessing = 0;
		};
/* End PBXFrameworksBuildPhase section */

/* Begin PBXGroup section */
		C4EFBD582082EE7500A4D736 = {
			isa = PBXGroup;
			children = (
				C4EFBD632082EE7500A4D736 /* AdvancedAnimation */,
				C4EFBD622082EE7500A4D736 /* Products */,
			);
			sourceTree = "<group>";
		};
		C4EFBD622082EE7500A4D736 /* Products */ = {
			isa = PBXGroup;
			children = (
				C4EFBD612082EE7500A4D736 /* AdvancedAnimation.app */,
			);
			name = Products;
			sourceTree = "<group>";
		};
		C4EFBD632082EE7500A4D736 /* AdvancedAnimation */ = {
			isa = PBXGroup;
			children = (
				C4EFBD642082EE7500A4D736 /* AppDelegate.swift */,
				C4EFBD662082EE7500A4D736 /* ViewController.swift */,
				C4E0E3E8208C30A40031BBB8 /* CommentViewController.swift */,
				C410C1C320940CA600AD0033 /* InteractiveAnimatorDelegate.swift */,
				C410C1C520940CD800AD0033 /* InteractiveAnimatorDelegate+Factory.swift */,
				C4EFBD682082EE7500A4D736 /* Main.storyboard */,
				C4EFBD6B2082EE7700A4D736 /* Assets.xcassets */,
				C4EFBD6D2082EE7700A4D736 /* LaunchScreen.storyboard */,
				C4EFBD702082EE7700A4D736 /* Info.plist */,
			);
			path = AdvancedAnimation;
			sourceTree = "<group>";
		};
/* End PBXGroup section */

/* Begin PBXNativeTarget section */
		C4EFBD602082EE7500A4D736 /* AdvancedAnimation */ = {
			isa = PBXNativeTarget;
			buildConfigurationList = C4EFBD732082EE7700A4D736 /* Build configuration list for PBXNativeTarget "AdvancedAnimation" */;
			buildPhases = (
				C4EFBD5D2082EE7500A4D736 /* Sources */,
				C4EFBD5E2082EE7500A4D736 /* Frameworks */,
				C4EFBD5F2082EE7500A4D736 /* Resources */,
			);
			buildRules = (
			);
			dependencies = (
			);
			name = AdvancedAnimation;
			productName = AdvancedAnimation;
			productReference = C4EFBD612082EE7500A4D736 /* AdvancedAnimation.app */;
			productType = "com.apple.product-type.application";
		};
/* End PBXNativeTarget section */

/* Begin PBXProject section */
		C4EFBD592082EE7500A4D736 /* Project object */ = {
			isa = PBXProject;
			attributes = {
				LastSwiftUpdateCheck = 0930;
				LastUpgradeCheck = 0930;
				ORGANIZATIONNAME = "Austin Chen";
				TargetAttributes = {
					C4EFBD602082EE7500A4D736 = {
						CreatedOnToolsVersion = 9.3;
					};
				};
			};
			buildConfigurationList = C4EFBD5C2082EE7500A4D736 /* Build configuration list for PBXProject "AdvancedAnimation" */;
			compatibilityVersion = "Xcode 9.3";
			developmentRegion = en;
			hasScannedForEncodings = 0;
			knownRegions = (
				en,
				Base,
			);
			mainGroup = C4EFBD582082EE7500A4D736;
			productRefGroup = C4EFBD622082EE7500A4D736 /* Products */;
			projectDirPath = "";
			projectRoot = "";
			targets = (
				C4EFBD602082EE7500A4D736 /* AdvancedAnimation */,
			);
		};
/* End PBXProject section */

/* Begin PBXResourcesBuildPhase section */
		C4EFBD5F2082EE7500A4D736 /* Resources */ = {
			isa = PBXResourcesBuildPhase;
			buildActionMask = 2147483647;
			files = (
				C4EFBD6F2082EE7700A4D736 /* LaunchScreen.storyboard in Resources */,
				C4EFBD6C2082EE7700A4D736 /* Assets.xcassets in Resources */,
				C4EFBD6A2082EE7500A4D736 /* Main.storyboard in Resources */,
			);
			runOnlyForDeploymentPostprocessing = 0;
		};
/* End PBXResourcesBuildPhase section */

/* Begin PBXSourcesBuildPhase section */
		C4EFBD5D2082EE7500A4D736 /* Sources */ = {
			isa = PBXSourcesBuildPhase;
			buildActionMask = 2147483647;
			files = (
				C4EFBD672082EE7500A4D736 /* ViewController.swift in Sources */,
				C410C1C620940CD800AD0033 /* InteractiveAnimatorDelegate+Factory.swift in Sources */,
				C4EFBD652082EE7500A4D736 /* AppDelegate.swift in Sources */,
				C410C1C420940CA600AD0033 /* InteractiveAnimatorDelegate.swift in Sources */,
				C4E0E3E9208C30A40031BBB8 /* CommentViewController.swift in Sources */,
			);
			runOnlyForDeploymentPostprocessing = 0;
		};
/* End PBXSourcesBuildPhase section */

/* Begin PBXVariantGroup section */
		C4EFBD682082EE7500A4D736 /* Main.storyboard */ = {
			isa = PBXVariantGroup;
			children = (
				C4EFBD692082EE7500A4D736 /* Base */,
			);
			name = Main.storyboard;
			sourceTree = "<group>";
		};
		C4EFBD6D2082EE7700A4D736 /* LaunchScreen.storyboard */ = {
			isa = PBXVariantGroup;
			children = (
				C4EFBD6E2082EE7700A4D736 /* Base */,
			);
			name = LaunchScreen.storyboard;
			sourceTree = "<group>";
		};
/* End PBXVariantGroup section */

/* Begin XCBuildConfiguration section */
		C4EFBD712082EE7700A4D736 /* Debug */ = {
			isa = XCBuildConfiguration;
			buildSettings = {
				ALWAYS_SEARCH_USER_PATHS = NO;
				CLANG_ANALYZER_NONNULL = YES;
				CLANG_ANALYZER_NUMBER_OBJECT_CONVERSION = YES_AGGRESSIVE;
				CLANG_CXX_LANGUAGE_STANDARD = "gnu++14";
				CLANG_CXX_LIBRARY = "libc++";
				CLANG_ENABLE_MODULES = YES;
				CLANG_ENABLE_OBJC_ARC = YES;
				CLANG_ENABLE_OBJC_WEAK = YES;
				CLANG_WARN_BLOCK_CAPTURE_AUTORELEASING = YES;
				CLANG_WARN_BOOL_CONVERSION = YES;
				CLANG_WARN_COMMA = YES;
				CLANG_WARN_CONSTANT_CONVERSION = YES;
				CLANG_WARN_DEPRECATED_OBJC_IMPLEMENTATIONS = YES;
				CLANG_WARN_DIRECT_OBJC_ISA_USAGE = YES_ERROR;
				CLANG_WARN_DOCUMENTATION_COMMENTS = YES;
				CLANG_WARN_EMPTY_BODY = YES;
				CLANG_WARN_ENUM_CONVERSION = YES;
				CLANG_WARN_INFINITE_RECURSION = YES;
				CLANG_WARN_INT_CONVERSION = YES;
				CLANG_WARN_NON_LITERAL_NULL_CONVERSION = YES;
				CLANG_WARN_OBJC_IMPLICIT_RETAIN_SELF = YES;
				CLANG_WARN_OBJC_LITERAL_CONVERSION = YES;
				CLANG_WARN_OBJC_ROOT_CLASS = YES_ERROR;
				CLANG_WARN_RANGE_LOOP_ANALYSIS = YES;
				CLANG_WARN_STRICT_PROTOTYPES = YES;
				CLANG_WARN_SUSPICIOUS_MOVE = YES;
				CLANG_WARN_UNGUARDED_AVAILABILITY = YES_AGGRESSIVE;
				CLANG_WARN_UNREACHABLE_CODE = YES;
				CLANG_WARN__DUPLICATE_METHOD_MATCH = YES;
				CODE_SIGN_IDENTITY = "iPhone Developer";
				COPY_PHASE_STRIP = NO;
				DEBUG_INFORMATION_FORMAT = dwarf;
				ENABLE_STRICT_OBJC_MSGSEND = YES;
				ENABLE_TESTABILITY = YES;
				GCC_C_LANGUAGE_STANDARD = gnu11;
				GCC_DYNAMIC_NO_PIC = NO;
				GCC_NO_COMMON_BLOCKS = YES;
				GCC_OPTIMIZATION_LEVEL = 0;
				GCC_PREPROCESSOR_DEFINITIONS = (
					"DEBUG=1",
					"$(inherited)",
				);
				GCC_WARN_64_TO_32_BIT_CONVERSION = YES;
				GCC_WARN_ABOUT_RETURN_TYPE = YES_ERROR;
				GCC_WARN_UNDECLARED_SELECTOR = YES;
				GCC_WARN_UNINITIALIZED_AUTOS = YES_AGGRESSIVE;
				GCC_WARN_UNUSED_FUNCTION = YES;
				GCC_WARN_UNUSED_VARIABLE = YES;
				IPHONEOS_DEPLOYMENT_TARGET = 11.3;
				MTL_ENABLE_DEBUG_INFO = YES;
				ONLY_ACTIVE_ARCH = YES;
				SDKROOT = iphoneos;
				SWIFT_ACTIVE_COMPILATION_CONDITIONS = DEBUG;
				SWIFT_OPTIMIZATION_LEVEL = "-Onone";
			};
			name = Debug;
		};
		C4EFBD722082EE7700A4D736 /* Release */ = {
			isa = XCBuildConfiguration;
			buildSettings = {
				ALWAYS_SEARCH_USER_PATHS = NO;
				CLANG_ANALYZER_NONNULL = YES;
				CLANG_ANALYZER_NUMBER_OBJECT_CONVERSION = YES_AGGRESSIVE;
				CLANG_CXX_LANGUAGE_STANDARD = "gnu++14";
				CLANG_CXX_LIBRARY = "libc++";
				CLANG_ENABLE_MODULES = YES;
				CLANG_ENABLE_OBJC_ARC = YES;
				CLANG_ENABLE_OBJC_WEAK = YES;
				CLANG_WARN_BLOCK_CAPTURE_AUTORELEASING = YES;
				CLANG_WARN_BOOL_CONVERSION = YES;
				CLANG_WARN_COMMA = YES;
				CLANG_WARN_CONSTANT_CONVERSION = YES;
				CLANG_WARN_DEPRECATED_OBJC_IMPLEMENTATIONS = YES;
				CLANG_WARN_DIRECT_OBJC_ISA_USAGE = YES_ERROR;
				CLANG_WARN_DOCUMENTATION_COMMENTS = YES;
				CLANG_WARN_EMPTY_BODY = YES;
				CLANG_WARN_ENUM_CONVERSION = YES;
				CLANG_WARN_INFINITE_RECURSION = YES;
				CLANG_WARN_INT_CONVERSION = YES;
				CLANG_WARN_NON_LITERAL_NULL_CONVERSION = YES;
				CLANG_WARN_OBJC_IMPLICIT_RETAIN_SELF = YES;
				CLANG_WARN_OBJC_LITERAL_CONVERSION = YES;
				CLANG_WARN_OBJC_ROOT_CLASS = YES_ERROR;
				CLANG_WARN_RANGE_LOOP_ANALYSIS = YES;
				CLANG_WARN_STRICT_PROTOTYPES = YES;
				CLANG_WARN_SUSPICIOUS_MOVE = YES;
				CLANG_WARN_UNGUARDED_AVAILABILITY = YES_AGGRESSIVE;
				CLANG_WARN_UNREACHABLE_CODE = YES;
				CLANG_WARN__DUPLICATE_METHOD_MATCH = YES;
				CODE_SIGN_IDENTITY = "iPhone Developer";
				COPY_PHASE_STRIP = NO;
				DEBUG_INFORMATION_FORMAT = "dwarf-with-dsym";
				ENABLE_NS_ASSERTIONS = NO;
				ENABLE_STRICT_OBJC_MSGSEND = YES;
				GCC_C_LANGUAGE_STANDARD = gnu11;
				GCC_NO_COMMON_BLOCKS = YES;
				GCC_WARN_64_TO_32_BIT_CONVERSION = YES;
				GCC_WARN_ABOUT_RETURN_TYPE = YES_ERROR;
				GCC_WARN_UNDECLARED_SELECTOR = YES;
				GCC_WARN_UNINITIALIZED_AUTOS = YES_AGGRESSIVE;
				GCC_WARN_UNUSED_FUNCTION = YES;
				GCC_WARN_UNUSED_VARIABLE = YES;
				IPHONEOS_DEPLOYMENT_TARGET = 11.3;
				MTL_ENABLE_DEBUG_INFO = NO;
				SDKROOT = iphoneos;
				SWIFT_COMPILATION_MODE = wholemodule;
				SWIFT_OPTIMIZATION_LEVEL = "-O";
				VALIDATE_PRODUCT = YES;
			};
			name = Release;
		};
		C4EFBD742082EE7700A4D736 /* Debug */ = {
			isa = XCBuildConfiguration;
			buildSettings = {
				ASSETCATALOG_COMPILER_APPICON_NAME = AppIcon;
				CODE_SIGN_STYLE = Automatic;
				DEVELOPMENT_TEAM = JF6RD64R9G;
				INFOPLIST_FILE = AdvancedAnimation/Info.plist;
				IPHONEOS_DEPLOYMENT_TARGET = 11.0;
				LD_RUNPATH_SEARCH_PATHS = (
					"$(inherited)",
					"@executable_path/Frameworks",
				);
				PRODUCT_BUNDLE_IDENTIFIER = com.ac.AdvancedAnimation;
				PRODUCT_NAME = "$(TARGET_NAME)";
				SWIFT_VERSION = 4.0;
				TARGETED_DEVICE_FAMILY = "1,2";
			};
			name = Debug;
		};
		C4EFBD752082EE7700A4D736 /* Release */ = {
			isa = XCBuildConfiguration;
			buildSettings = {
				ASSETCATALOG_COMPILER_APPICON_NAME = AppIcon;
				CODE_SIGN_STYLE = Automatic;
				DEVELOPMENT_TEAM = JF6RD64R9G;
				INFOPLIST_FILE = AdvancedAnimation/Info.plist;
				IPHONEOS_DEPLOYMENT_TARGET = 11.0;
				LD_RUNPATH_SEARCH_PATHS = (
					"$(inherited)",
					"@executable_path/Frameworks",
				);
				PRODUCT_BUNDLE_IDENTIFIER = com.ac.AdvancedAnimation;
				PRODUCT_NAME = "$(TARGET_NAME)";
				SWIFT_VERSION = 4.0;
				TARGETED_DEVICE_FAMILY = "1,2";
			};
			name = Release;
		};
/* End XCBuildConfiguration section */

/* Begin XCConfigurationList section */
		C4EFBD5C2082EE7500A4D736 /* Build configuration list for PBXProject "AdvancedAnimation" */ = {
			isa = XCConfigurationList;
			buildConfigurations = (
				C4EFBD712082EE7700A4D736 /* Debug */,
				C4EFBD722082EE7700A4D736 /* Release */,
			);
			defaultConfigurationIsVisible = 0;
			defaultConfigurationName = Release;
		};
		C4EFBD732082EE7700A4D736 /* Build configuration list for PBXNativeTarget "AdvancedAnimation" */ = {
			isa = XCConfigurationList;
			buildConfigurations = (
				C4EFBD742082EE7700A4D736 /* Debug */,
				C4EFBD752082EE7700A4D736 /* Release */,
			);
			defaultConfigurationIsVisible = 0;
			defaultConfigurationName = Release;
		};
/* End XCConfigurationList section */
	};
	rootObject = C4EFBD592082EE7500A4D736 /* Project object */;
}
